PODS:
  - Alamofire (4.7.3)
  - Bolts (1.9.0):
    - Bolts/AppLinks (= 1.9.0)
    - Bolts/Tasks (= 1.9.0)
  - Bolts/AppLinks (1.9.0):
    - Bolts/Tasks
  - Bolts/Tasks (1.9.0)
  - FacebookCore (0.3.2):
    - Bolts (~> 1.8)
    - FBSDKCoreKit (~> 4.35)
  - FacebookLogin (0.3.2):
    - Bolts (~> 1.8)
    - FacebookCore (~> 0.3.2)
    - FBSDKCoreKit (~> 4.35)
    - FBSDKLoginKit (~> 4.35)
  - FacebookShare (0.3.2):
    - Bolts (~> 1.8)
    - FacebookCore (~> 0.3.2)
    - FBSDKCoreKit (~> 4.35)
    - FBSDKShareKit (~> 4.35)
  - FBSDKCoreKit (4.36.0):
    - Bolts (~> 1.7)
  - FBSDKLoginKit (4.36.0):
    - FBSDKCoreKit
  - FBSDKShareKit (4.36.0):
    - FBSDKCoreKit (~> 4.36.0)
  - Kingfisher (4.8.1)
  - SwiftyJSON (4.1.0)
  - YandexMobileMetrica/Dynamic (3.3.0)

DEPENDENCIES:
  - Alamofire
  - FacebookCore
  - FacebookLogin
  - FacebookShare
  - FBSDKLoginKit
  - Kingfisher
  - SwiftyJSON
  - YandexMobileMetrica/Dynamic (= 3.3.0)

SPEC REPOS:
  https://github.com/cocoapods/specs.git:
    - Alamofire
    - Bolts
    - FacebookCore
    - FacebookLogin
    - FacebookShare
    - FBSDKCoreKit
    - FBSDKLoginKit
    - FBSDKShareKit
    - Kingfisher
    - SwiftyJSON
    - YandexMobileMetrica

SPEC CHECKSUMS:
  Alamofire: c7287b6e5d7da964a70935e5db17046b7fde6568
  Bolts: ac6567323eac61e203f6a9763667d0f711be34c8
  FacebookCore: fe93222bb70346730ef33b061d493e9e7a7cb1f5
  FacebookLogin: a4e225974791c82836765a294582b4778baffc07
  FacebookShare: 5319f2655d53d20c595745a68dae8476027b8bae
  FBSDKCoreKit: 3b8e6570eedb443f9fc4af196a7bf39f18e3a3d8
  FBSDKLoginKit: 8bccb6064708ab2f4251a7fc4e3b6d8d00ad91ba
  FBSDKShareKit: 7090fdd55c39b03941efddb64c83a64ff6b3949f
  Kingfisher: 868c1149679a7ab6869be118faa9b5aed154aaf0
  SwiftyJSON: c29297daf073d2aa016295d5809cdd68045c39b3
  YandexMobileMetrica: 415e4e8a7a23121a3d086958a655f444dd340edb

PODFILE CHECKSUM: 1e36fe92686397eb541e232a84ff5cb0a9bfdd77

COCOAPODS: 1.5.3
