PODS:
  - Alamofire (4.7.3)
  - Kingfisher (4.8.1)

DEPENDENCIES:
  - Alamofire
  - Kingfisher

SPEC REPOS:
  https://github.com/cocoapods/specs.git:
    - Alamofire
    - Kingfisher

SPEC CHECKSUMS:
  Alamofire: c7287b6e5d7da964a70935e5db17046b7fde6568
  Kingfisher: 868c1149679a7ab6869be118faa9b5aed154aaf0

PODFILE CHECKSUM: 7b53fa90c61592ff6a5ae2c4aaaf2399d68febe7

COCOAPODS: 1.5.3
